
Microsoft Visual Studio Solution File, Format Version 12.00
# Visual Studio Version 17
VisualStudioVersion = 17.5.33103.201
MinimumVisualStudioVersion = 10.0.40219.1
Project("{9A19103F-16F7-4668-BE54-9A1E7A4F7556}") = "BetWin.Game.API", "BetWin.Game.API\BetWin.Game.API.csproj", "{C11AA86A-BAE5-4D41-8127-845ED89CF56C}"
EndProject
Project("{9A19103F-16F7-4668-BE54-9A1E7A4F7556}") = "BetWin.Game.Test", "BetWin.Game.Test\BetWin.Game.Test.csproj", "{E0683185-E414-41CC-8529-CA4255609612}"
EndProject
Project("{FAE04EC0-301F-11D3-BF4B-00C04F79EFBC}") = "BetWin.Game.Lottery", "BetWin.Game.Lottery\BetWin.Game.Lottery.csproj", "{C08555A2-94C6-49E0-98D7-62A3B8515961}"
EndProject
Global
	GlobalSection(SolutionConfigurationPlatforms) = preSolution
		Debug|Any CPU = Debug|Any CPU
		Release|Any CPU = Release|Any CPU
	EndGlobalSection
	GlobalSection(ProjectConfigurationPlatforms) = postSolution
		{C11AA86A-BAE5-4D41-8127-845ED89CF56C}.Debug|Any CPU.ActiveCfg = Debug|Any CPU
		{C11AA86A-BAE5-4D41-8127-845ED89CF56C}.Debug|Any CPU.Build.0 = Debug|Any CPU
		{C11AA86A-BAE5-4D41-8127-845ED89CF56C}.Release|Any CPU.ActiveCfg = Release|Any CPU
		{C11AA86A-BAE5-4D41-8127-845ED89CF56C}.Release|Any CPU.Build.0 = Release|Any CPU
		{E0683185-E414-41CC-8529-CA4255609612}.Debug|Any CPU.ActiveCfg = Debug|Any CPU
		{E0683185-E414-41CC-8529-CA4255609612}.Debug|Any CPU.Build.0 = Debug|Any CPU
		{E0683185-E414-41CC-8529-CA4255609612}.Release|Any CPU.ActiveCfg = Release|Any CPU
		{E0683185-E414-41CC-8529-CA4255609612}.Release|Any CPU.Build.0 = Release|Any CPU
		{C08555A2-94C6-49E0-98D7-62A3B8515961}.Debug|Any CPU.ActiveCfg = Debug|Any CPU
		{C08555A2-94C6-49E0-98D7-62A3B8515961}.Debug|Any CPU.Build.0 = Debug|Any CPU
		{C08555A2-94C6-49E0-98D7-62A3B8515961}.Release|Any CPU.ActiveCfg = Release|Any CPU
		{C08555A2-94C6-49E0-98D7-62A3B8515961}.Release|Any CPU.Build.0 = Release|Any CPU
	EndGlobalSection
	GlobalSection(SolutionProperties) = preSolution
		HideSolutionNode = FALSE
	EndGlobalSection
	GlobalSection(ExtensibilityGlobals) = postSolution
		SolutionGuid = {CC83E66E-0AFE-4FAB-B7F7-219EF8C004CA}
	EndGlobalSection
EndGlobal
